
Microsoft Visual Studio Solution File, Format Version 12.00
# Visual Studio Version 17
VisualStudioVersion = 17.8.34330.188
MinimumVisualStudioVersion = 10.0.40219.1
Project("{FAE04EC0-301F-11D3-BF4B-00C04F79EFBC}") = "Kullanıcı Adı Şifre Uygulaması", "Kullanıcı Adı Şifre Uygulaması\Kullanıcı Adı Şifre Uygulaması.csproj", "{87B78AB4-C597-4B89-BE83-0C08B5129DF8}"
EndProject
Global
	GlobalSection(SolutionConfigurationPlatforms) = preSolution
		Debug|Any CPU = Debug|Any CPU
		Release|Any CPU = Release|Any CPU
	EndGlobalSection
	GlobalSection(ProjectConfigurationPlatforms) = postSolution
		{87B78AB4-C597-4B89-BE83-0C08B5129DF8}.Debug|Any CPU.ActiveCfg = Debug|Any CPU
		{87B78AB4-C597-4B89-BE83-0C08B5129DF8}.Debug|Any CPU.Build.0 = Debug|Any CPU
		{87B78AB4-C597-4B89-BE83-0C08B5129DF8}.Release|Any CPU.ActiveCfg = Release|Any CPU
		{87B78AB4-C597-4B89-BE83-0C08B5129DF8}.Release|Any CPU.Build.0 = Release|Any CPU
	EndGlobalSection
	GlobalSection(SolutionProperties) = preSolution
		HideSolutionNode = FALSE
	EndGlobalSection
	GlobalSection(ExtensibilityGlobals) = postSolution
		SolutionGuid = {54D0111E-F0F5-4F59-93F8-92C809A404D1}
	EndGlobalSection
EndGlobal
